
Microsoft Visual Studio Solution File, Format Version 12.00
# Visual Studio 2013
VisualStudioVersion = 12.0.31101.0
MinimumVisualStudioVersion = 10.0.40219.1
Project("{FAE04EC0-301F-11D3-BF4B-00C04F79EFBC}") = "gameCalculator", "gameCalculator\gameCalculator.csproj", "{06F8F26E-1B9E-41BC-BD12-51AD73035934}"
EndProject
Project("{2150E333-8FDC-42A3-9474-1A3956D46DE8}") = "PublishScripts", "PublishScripts", "{4C2063D6-E938-4CB6-92E2-74C6701B2403}"
	ProjectSection(SolutionItems) = preProject
		PublishScripts\AzureWebsitePublishModule.psm1 = PublishScripts\AzureWebsitePublishModule.psm1
		PublishScripts\Publish-WebApplicationWebsite.ps1 = PublishScripts\Publish-WebApplicationWebsite.ps1
	EndProjectSection
EndProject
Project("{2150E333-8FDC-42A3-9474-1A3956D46DE8}") = "Configurations", "Configurations", "{438DE887-61D9-4C0C-B62B-DCB694787FDC}"
	ProjectSection(SolutionItems) = preProject
		PublishScripts\Configurations\gameCalculator-WAWS-dev.json = PublishScripts\Configurations\gameCalculator-WAWS-dev.json
	EndProjectSection
EndProject
Global
	GlobalSection(SolutionConfigurationPlatforms) = preSolution
		Debug|Any CPU = Debug|Any CPU
		Release|Any CPU = Release|Any CPU
	EndGlobalSection
	GlobalSection(ProjectConfigurationPlatforms) = postSolution
		{06F8F26E-1B9E-41BC-BD12-51AD73035934}.Debug|Any CPU.ActiveCfg = Debug|Any CPU
		{06F8F26E-1B9E-41BC-BD12-51AD73035934}.Debug|Any CPU.Build.0 = Debug|Any CPU
		{06F8F26E-1B9E-41BC-BD12-51AD73035934}.Release|Any CPU.ActiveCfg = Release|Any CPU
		{06F8F26E-1B9E-41BC-BD12-51AD73035934}.Release|Any CPU.Build.0 = Release|Any CPU
	EndGlobalSection
	GlobalSection(SolutionProperties) = preSolution
		HideSolutionNode = FALSE
	EndGlobalSection
	GlobalSection(NestedProjects) = preSolution
		{438DE887-61D9-4C0C-B62B-DCB694787FDC} = {4C2063D6-E938-4CB6-92E2-74C6701B2403}
	EndGlobalSection
EndGlobal
